
Microsoft Visual Studio Solution File, Format Version 12.00
# Visual Studio Version 17
VisualStudioVersion = 17.2.32616.157
MinimumVisualStudioVersion = 10.0.40219.1
Project("{9A19103F-16F7-4668-BE54-9A1E7A4F7556}") = "ProPersonal", "ProPersonal\ProPersonal.csproj", "{4BB92A09-6E2B-46F4-94D7-8B3055A446BE}"
EndProject
Project("{9A19103F-16F7-4668-BE54-9A1E7A4F7556}") = "EntityLayer", "EntityLayer\EntityLayer.csproj", "{232A751B-AD7D-41F3-A368-60D248BAA62A}"
EndProject
Project("{9A19103F-16F7-4668-BE54-9A1E7A4F7556}") = "DataAccessLayer", "DataAccessLayer\DataAccessLayer.csproj", "{EC706DAF-AFAA-473C-8BC0-B38AFB7E196B}"
EndProject
Project("{9A19103F-16F7-4668-BE54-9A1E7A4F7556}") = "BusinessLogicLayer", "BusinessLogicLayer\BusinessLogicLayer.csproj", "{F9B4B3CE-00DF-41BE-B5FD-A22F05F34C86}"
EndProject
Project("{9A19103F-16F7-4668-BE54-9A1E7A4F7556}") = "CoreLayer", "CoreLayer\CoreLayer.csproj", "{FD1C08F3-39C8-4A8C-832A-868F5C98045D}"
EndProject
Project("{2150E333-8FDC-42A3-9474-1A3956D46DE8}") = "Solution Items", "Solution Items", "{DA59009D-E017-42EA-BD94-8F78E30553E6}"
	ProjectSection(SolutionItems) = preProject
		TextFile1.txt = TextFile1.txt
	EndProjectSection
EndProject
Global
	GlobalSection(SolutionConfigurationPlatforms) = preSolution
		Debug|Any CPU = Debug|Any CPU
		Release|Any CPU = Release|Any CPU
	EndGlobalSection
	GlobalSection(ProjectConfigurationPlatforms) = postSolution
		{4BB92A09-6E2B-46F4-94D7-8B3055A446BE}.Debug|Any CPU.ActiveCfg = Debug|Any CPU
		{4BB92A09-6E2B-46F4-94D7-8B3055A446BE}.Debug|Any CPU.Build.0 = Debug|Any CPU
		{4BB92A09-6E2B-46F4-94D7-8B3055A446BE}.Release|Any CPU.ActiveCfg = Release|Any CPU
		{4BB92A09-6E2B-46F4-94D7-8B3055A446BE}.Release|Any CPU.Build.0 = Release|Any CPU
		{232A751B-AD7D-41F3-A368-60D248BAA62A}.Debug|Any CPU.ActiveCfg = Debug|Any CPU
		{232A751B-AD7D-41F3-A368-60D248BAA62A}.Debug|Any CPU.Build.0 = Debug|Any CPU
		{232A751B-AD7D-41F3-A368-60D248BAA62A}.Release|Any CPU.ActiveCfg = Release|Any CPU
		{232A751B-AD7D-41F3-A368-60D248BAA62A}.Release|Any CPU.Build.0 = Release|Any CPU
		{EC706DAF-AFAA-473C-8BC0-B38AFB7E196B}.Debug|Any CPU.ActiveCfg = Debug|Any CPU
		{EC706DAF-AFAA-473C-8BC0-B38AFB7E196B}.Debug|Any CPU.Build.0 = Debug|Any CPU
		{EC706DAF-AFAA-473C-8BC0-B38AFB7E196B}.Release|Any CPU.ActiveCfg = Release|Any CPU
		{EC706DAF-AFAA-473C-8BC0-B38AFB7E196B}.Release|Any CPU.Build.0 = Release|Any CPU
		{F9B4B3CE-00DF-41BE-B5FD-A22F05F34C86}.Debug|Any CPU.ActiveCfg = Debug|Any CPU
		{F9B4B3CE-00DF-41BE-B5FD-A22F05F34C86}.Debug|Any CPU.Build.0 = Debug|Any CPU
		{F9B4B3CE-00DF-41BE-B5FD-A22F05F34C86}.Release|Any CPU.ActiveCfg = Release|Any CPU
		{F9B4B3CE-00DF-41BE-B5FD-A22F05F34C86}.Release|Any CPU.Build.0 = Release|Any CPU
		{FD1C08F3-39C8-4A8C-832A-868F5C98045D}.Debug|Any CPU.ActiveCfg = Debug|Any CPU
		{FD1C08F3-39C8-4A8C-832A-868F5C98045D}.Debug|Any CPU.Build.0 = Debug|Any CPU
		{FD1C08F3-39C8-4A8C-832A-868F5C98045D}.Release|Any CPU.ActiveCfg = Release|Any CPU
		{FD1C08F3-39C8-4A8C-832A-868F5C98045D}.Release|Any CPU.Build.0 = Release|Any CPU
	EndGlobalSection
	GlobalSection(SolutionProperties) = preSolution
		HideSolutionNode = FALSE
	EndGlobalSection
	GlobalSection(ExtensibilityGlobals) = postSolution
		SolutionGuid = {22915C75-4A8E-456F-9718-A8409E8D9C59}
	EndGlobalSection
EndGlobal
